
Microsoft Visual Studio Solution File, Format Version 12.00
# Visual Studio Version 16
VisualStudioVersion = 16.0.29123.88
MinimumVisualStudioVersion = 10.0.40219.1
Project("{FAE04EC0-301F-11D3-BF4B-00C04F79EFBC}") = "FIT5032_FUNSAILMEL", "FIT5032_FUNSAILMEL.csproj", "{9E1E346C-1453-4935-AA3F-EFFBC0BC5717}"
EndProject
Project("{FAE04EC0-301F-11D3-BF4B-00C04F79EFBC}") = "FIT5032_FUNSAILMEL.Tests", "..\FIT5032_FUNSAILMEL.Tests\FIT5032_FUNSAILMEL.Tests.csproj", "{3DF8AD97-31C8-439D-9DAA-B4D834033282}"
EndProject
Global
	GlobalSection(SolutionConfigurationPlatforms) = preSolution
		Debug|Any CPU = Debug|Any CPU
		Release|Any CPU = Release|Any CPU
	EndGlobalSection
	GlobalSection(ProjectConfigurationPlatforms) = postSolution
		{9E1E346C-1453-4935-AA3F-EFFBC0BC5717}.Debug|Any CPU.ActiveCfg = Debug|Any CPU
		{9E1E346C-1453-4935-AA3F-EFFBC0BC5717}.Debug|Any CPU.Build.0 = Debug|Any CPU
		{9E1E346C-1453-4935-AA3F-EFFBC0BC5717}.Release|Any CPU.ActiveCfg = Release|Any CPU
		{9E1E346C-1453-4935-AA3F-EFFBC0BC5717}.Release|Any CPU.Build.0 = Release|Any CPU
		{3DF8AD97-31C8-439D-9DAA-B4D834033282}.Debug|Any CPU.ActiveCfg = Debug|Any CPU
		{3DF8AD97-31C8-439D-9DAA-B4D834033282}.Debug|Any CPU.Build.0 = Debug|Any CPU
		{3DF8AD97-31C8-439D-9DAA-B4D834033282}.Release|Any CPU.ActiveCfg = Release|Any CPU
		{3DF8AD97-31C8-439D-9DAA-B4D834033282}.Release|Any CPU.Build.0 = Release|Any CPU
	EndGlobalSection
	GlobalSection(SolutionProperties) = preSolution
		HideSolutionNode = FALSE
	EndGlobalSection
	GlobalSection(ExtensibilityGlobals) = postSolution
		SolutionGuid = {44433825-E542-4DBC-902A-A01E216D8527}
	EndGlobalSection
EndGlobal
